
Microsoft Visual Studio Solution File, Format Version 12.00
# Visual Studio Version 16
VisualStudioVersion = 16.0.30204.135
MinimumVisualStudioVersion = 10.0.40219.1
Project("{FAE04EC0-301F-11D3-BF4B-00C04F79EFBC}") = "InventoryTracker.Android", "InventoryTracker.Android\InventoryTracker.Android.csproj", "{7C8D4347-8ACB-43BA-9963-87814153458B}"
EndProject
Project("{FAE04EC0-301F-11D3-BF4B-00C04F79EFBC}") = "InventoryTracker.iOS", "InventoryTracker.iOS\InventoryTracker.iOS.csproj", "{C0A4D64B-02E5-4D74-99CD-0B3D3CBAF71B}"
EndProject
Project("{9A19103F-16F7-4668-BE54-9A1E7A4F7556}") = "InventoryTracker", "InventoryTracker\InventoryTracker.csproj", "{F095A8B3-AD34-48F7-B101-354BDEB07368}"
EndProject
Global
	GlobalSection(SolutionConfigurationPlatforms) = preSolution
		Debug|Any CPU = Debug|Any CPU
		Debug|iPhone = Debug|iPhone
		Debug|iPhoneSimulator = Debug|iPhoneSimulator
		Release|Any CPU = Release|Any CPU
		Release|iPhone = Release|iPhone
		Release|iPhoneSimulator = Release|iPhoneSimulator
	EndGlobalSection
	GlobalSection(ProjectConfigurationPlatforms) = postSolution
		{7C8D4347-8ACB-43BA-9963-87814153458B}.Debug|Any CPU.ActiveCfg = Debug|Any CPU
		{7C8D4347-8ACB-43BA-9963-87814153458B}.Debug|Any CPU.Build.0 = Debug|Any CPU
		{7C8D4347-8ACB-43BA-9963-87814153458B}.Debug|Any CPU.Deploy.0 = Debug|Any CPU
		{7C8D4347-8ACB-43BA-9963-87814153458B}.Debug|iPhone.ActiveCfg = Debug|Any CPU
		{7C8D4347-8ACB-43BA-9963-87814153458B}.Debug|iPhone.Build.0 = Debug|Any CPU
		{7C8D4347-8ACB-43BA-9963-87814153458B}.Debug|iPhone.Deploy.0 = Debug|Any CPU
		{7C8D4347-8ACB-43BA-9963-87814153458B}.Debug|iPhoneSimulator.ActiveCfg = Debug|Any CPU
		{7C8D4347-8ACB-43BA-9963-87814153458B}.Debug|iPhoneSimulator.Build.0 = Debug|Any CPU
		{7C8D4347-8ACB-43BA-9963-87814153458B}.Debug|iPhoneSimulator.Deploy.0 = Debug|Any CPU
		{7C8D4347-8ACB-43BA-9963-87814153458B}.Release|Any CPU.ActiveCfg = Release|Any CPU
		{7C8D4347-8ACB-43BA-9963-87814153458B}.Release|Any CPU.Build.0 = Release|Any CPU
		{7C8D4347-8ACB-43BA-9963-87814153458B}.Release|Any CPU.Deploy.0 = Release|Any CPU
		{7C8D4347-8ACB-43BA-9963-87814153458B}.Release|iPhone.ActiveCfg = Release|Any CPU
		{7C8D4347-8ACB-43BA-9963-87814153458B}.Release|iPhone.Build.0 = Release|Any CPU
		{7C8D4347-8ACB-43BA-9963-87814153458B}.Release|iPhone.Deploy.0 = Release|Any CPU
		{7C8D4347-8ACB-43BA-9963-87814153458B}.Release|iPhoneSimulator.ActiveCfg = Release|Any CPU
		{7C8D4347-8ACB-43BA-9963-87814153458B}.Release|iPhoneSimulator.Build.0 = Release|Any CPU
		{7C8D4347-8ACB-43BA-9963-87814153458B}.Release|iPhoneSimulator.Deploy.0 = Release|Any CPU
		{C0A4D64B-02E5-4D74-99CD-0B3D3CBAF71B}.Debug|Any CPU.ActiveCfg = Debug|iPhone
		{C0A4D64B-02E5-4D74-99CD-0B3D3CBAF71B}.Debug|Any CPU.Build.0 = Debug|iPhone
		{C0A4D64B-02E5-4D74-99CD-0B3D3CBAF71B}.Debug|Any CPU.Deploy.0 = Debug|iPhone
		{C0A4D64B-02E5-4D74-99CD-0B3D3CBAF71B}.Debug|iPhone.ActiveCfg = Debug|iPhone
		{C0A4D64B-02E5-4D74-99CD-0B3D3CBAF71B}.Debug|iPhone.Build.0 = Debug|iPhone
		{C0A4D64B-02E5-4D74-99CD-0B3D3CBAF71B}.Debug|iPhone.Deploy.0 = Debug|iPhone
		{C0A4D64B-02E5-4D74-99CD-0B3D3CBAF71B}.Debug|iPhoneSimulator.ActiveCfg = Debug|iPhoneSimulator
		{C0A4D64B-02E5-4D74-99CD-0B3D3CBAF71B}.Debug|iPhoneSimulator.Build.0 = Debug|iPhoneSimulator
		{C0A4D64B-02E5-4D74-99CD-0B3D3CBAF71B}.Debug|iPhoneSimulator.Deploy.0 = Debug|iPhoneSimulator
		{C0A4D64B-02E5-4D74-99CD-0B3D3CBAF71B}.Release|Any CPU.ActiveCfg = Release|iPhone
		{C0A4D64B-02E5-4D74-99CD-0B3D3CBAF71B}.Release|Any CPU.Build.0 = Release|iPhone
		{C0A4D64B-02E5-4D74-99CD-0B3D3CBAF71B}.Release|Any CPU.Deploy.0 = Release|iPhone
		{C0A4D64B-02E5-4D74-99CD-0B3D3CBAF71B}.Release|iPhone.ActiveCfg = Release|iPhone
		{C0A4D64B-02E5-4D74-99CD-0B3D3CBAF71B}.Release|iPhone.Build.0 = Release|iPhone
		{C0A4D64B-02E5-4D74-99CD-0B3D3CBAF71B}.Release|iPhone.Deploy.0 = Release|iPhone
		{C0A4D64B-02E5-4D74-99CD-0B3D3CBAF71B}.Release|iPhoneSimulator.ActiveCfg = Release|iPhoneSimulator
		{C0A4D64B-02E5-4D74-99CD-0B3D3CBAF71B}.Release|iPhoneSimulator.Build.0 = Release|iPhoneSimulator
		{C0A4D64B-02E5-4D74-99CD-0B3D3CBAF71B}.Release|iPhoneSimulator.Deploy.0 = Release|iPhoneSimulator
		{F095A8B3-AD34-48F7-B101-354BDEB07368}.Debug|Any CPU.ActiveCfg = Debug|Any CPU
		{F095A8B3-AD34-48F7-B101-354BDEB07368}.Debug|Any CPU.Build.0 = Debug|Any CPU
		{F095A8B3-AD34-48F7-B101-354BDEB07368}.Debug|Any CPU.Deploy.0 = Debug|Any CPU
		{F095A8B3-AD34-48F7-B101-354BDEB07368}.Debug|iPhone.ActiveCfg = Debug|Any CPU
		{F095A8B3-AD34-48F7-B101-354BDEB07368}.Debug|iPhone.Build.0 = Debug|Any CPU
		{F095A8B3-AD34-48F7-B101-354BDEB07368}.Debug|iPhone.Deploy.0 = Debug|Any CPU
		{F095A8B3-AD34-48F7-B101-354BDEB07368}.Debug|iPhoneSimulator.ActiveCfg = Debug|Any CPU
		{F095A8B3-AD34-48F7-B101-354BDEB07368}.Debug|iPhoneSimulator.Build.0 = Debug|Any CPU
		{F095A8B3-AD34-48F7-B101-354BDEB07368}.Debug|iPhoneSimulator.Deploy.0 = Debug|Any CPU
		{F095A8B3-AD34-48F7-B101-354BDEB07368}.Release|Any CPU.ActiveCfg = Release|Any CPU
		{F095A8B3-AD34-48F7-B101-354BDEB07368}.Release|Any CPU.Build.0 = Release|Any CPU
		{F095A8B3-AD34-48F7-B101-354BDEB07368}.Release|Any CPU.Deploy.0 = Release|Any CPU
		{F095A8B3-AD34-48F7-B101-354BDEB07368}.Release|iPhone.ActiveCfg = Release|Any CPU
		{F095A8B3-AD34-48F7-B101-354BDEB07368}.Release|iPhone.Build.0 = Release|Any CPU
		{F095A8B3-AD34-48F7-B101-354BDEB07368}.Release|iPhone.Deploy.0 = Release|Any CPU
		{F095A8B3-AD34-48F7-B101-354BDEB07368}.Release|iPhoneSimulator.ActiveCfg = Release|Any CPU
		{F095A8B3-AD34-48F7-B101-354BDEB07368}.Release|iPhoneSimulator.Build.0 = Release|Any CPU
		{F095A8B3-AD34-48F7-B101-354BDEB07368}.Release|iPhoneSimulator.Deploy.0 = Release|Any CPU
	EndGlobalSection
	GlobalSection(SolutionProperties) = preSolution
		HideSolutionNode = FALSE
	EndGlobalSection
	GlobalSection(ExtensibilityGlobals) = postSolution
		SolutionGuid = {AB4DF830-D682-4E03-8440-7B550CAE05B8}
	EndGlobalSection
EndGlobal
